
Microsoft Visual Studio Solution File, Format Version 12.00
Project("{FAE04EC0-301F-11D3-BF4B-00C04F79EFBC}") = "MontyHall", "MontyHall\MontyHall.csproj", "{4EBC95E5-1516-4AEE-9894-F93626F45315}"
EndProject
Project("{FAE04EC0-301F-11D3-BF4B-00C04F79EFBC}") = "MontyHall.Tests", "MontyHall.Tests\MontyHall.Tests.csproj", "{D3EF0EE4-84D1-4A56-AF64-2A81E8968DFA}"
EndProject
Global
	GlobalSection(SolutionConfigurationPlatforms) = preSolution
		Debug|Any CPU = Debug|Any CPU
		Release|Any CPU = Release|Any CPU
	EndGlobalSection
	GlobalSection(ProjectConfigurationPlatforms) = postSolution
		{4EBC95E5-1516-4AEE-9894-F93626F45315}.Debug|Any CPU.ActiveCfg = Debug|Any CPU
		{4EBC95E5-1516-4AEE-9894-F93626F45315}.Debug|Any CPU.Build.0 = Debug|Any CPU
		{4EBC95E5-1516-4AEE-9894-F93626F45315}.Release|Any CPU.ActiveCfg = Release|Any CPU
		{4EBC95E5-1516-4AEE-9894-F93626F45315}.Release|Any CPU.Build.0 = Release|Any CPU
		{D3EF0EE4-84D1-4A56-AF64-2A81E8968DFA}.Debug|Any CPU.ActiveCfg = Debug|Any CPU
		{D3EF0EE4-84D1-4A56-AF64-2A81E8968DFA}.Debug|Any CPU.Build.0 = Debug|Any CPU
		{D3EF0EE4-84D1-4A56-AF64-2A81E8968DFA}.Release|Any CPU.ActiveCfg = Release|Any CPU
		{D3EF0EE4-84D1-4A56-AF64-2A81E8968DFA}.Release|Any CPU.Build.0 = Release|Any CPU
	EndGlobalSection
EndGlobal
